// !$*UTF8*$!
{
	archiveVersion = 1;
	classes = {
	};
	objectVersion = 51;
	objects = {

/* Begin PBXBuildFile section */
		3CFD9E4325D214870032FC7B /* AppDelegate.swift in Sources */ = {isa = PBXBuildFile; fileRef = 3CFD9E4225D214870032FC7B /* AppDelegate.swift */; };
		3CFD9E4525D214870032FC7B /* SceneDelegate.swift in Sources */ = {isa = PBXBuildFile; fileRef = 3CFD9E4425D214870032FC7B /* SceneDelegate.swift */; };
		3CFD9E4725D214870032FC7B /* ViewController.swift in Sources */ = {isa = PBXBuildFile; fileRef = 3CFD9E4625D214870032FC7B /* ViewController.swift */; };
		3CFD9E4A25D214870032FC7B /* Main.storyboard in Resources */ = {isa = PBXBuildFile; fileRef = 3CFD9E4825D214870032FC7B /* Main.storyboard */; };
		3CFD9E4C25D214880032FC7B /* Assets.xcassets in Resources */ = {isa = PBXBuildFile; fileRef = 3CFD9E4B25D214880032FC7B /* Assets.xcassets */; };
		3CFD9E4F25D214880032FC7B /* LaunchScreen.storyboard in Resources */ = {isa = PBXBuildFile; fileRef = 3CFD9E4D25D214880032FC7B /* LaunchScreen.storyboard */; };
		3CFD9E5A25D214880032FC7B /* ParstagramTests.swift in Sources */ = {isa = PBXBuildFile; fileRef = 3CFD9E5925D214880032FC7B /* ParstagramTests.swift */; };
		3CFD9E6525D214880032FC7B /* ParstagramUITests.swift in Sources */ = {isa = PBXBuildFile; fileRef = 3CFD9E6425D214880032FC7B /* ParstagramUITests.swift */; };
		3CFD9E8225D219220032FC7B /* LoginViewController.swift in Sources */ = {isa = PBXBuildFile; fileRef = 3CFD9E8125D219220032FC7B /* LoginViewController.swift */; };
		3CFD9E8725D219360032FC7B /* FeedViewController.swift in Sources */ = {isa = PBXBuildFile; fileRef = 3CFD9E8625D219360032FC7B /* FeedViewController.swift */; };
		3CFD9EAD25D22D560032FC7B /* CameraViewController.swift in Sources */ = {isa = PBXBuildFile; fileRef = 3CFD9EAC25D22D560032FC7B /* CameraViewController.swift */; };
		3CFD9ED125D252750032FC7B /* PostCell.swift in Sources */ = {isa = PBXBuildFile; fileRef = 3CFD9ED025D252750032FC7B /* PostCell.swift */; };
		95E6DD2D5EFC3DD7196E47A2 /* Pods_Parstagram.framework in Frameworks */ = {isa = PBXBuildFile; fileRef = D826CAB6AB177C8F9D3FE376 /* Pods_Parstagram.framework */; };
		E4E6FD60CD4831F9522A35F5 /* Pods_ParstagramTests.framework in Frameworks */ = {isa = PBXBuildFile; fileRef = 081FECE175FC88F1A3DCD3E3 /* Pods_ParstagramTests.framework */; };
		F951FCD145587F67DA86815F /* Pods_Parstagram_ParstagramUITests.framework in Frameworks */ = {isa = PBXBuildFile; fileRef = 4E1E93DDF8F6FC027905904F /* Pods_Parstagram_ParstagramUITests.framework */; };
/* End PBXBuildFile section */

/* Begin PBXContainerItemProxy section */
		3CFD9E5625D214880032FC7B /* PBXContainerItemProxy */ = {
			isa = PBXContainerItemProxy;
			containerPortal = 3CFD9E3725D214860032FC7B /* Project object */;
			proxyType = 1;
			remoteGlobalIDString = 3CFD9E3E25D214860032FC7B;
			remoteInfo = Parstagram;
		};
		3CFD9E6125D214880032FC7B /* PBXContainerItemProxy */ = {
			isa = PBXContainerItemProxy;
			containerPortal = 3CFD9E3725D214860032FC7B /* Project object */;
			proxyType = 1;
			remoteGlobalIDString = 3CFD9E3E25D214860032FC7B;
			remoteInfo = Parstagram;
		};
/* End PBXContainerItemProxy section */

/* Begin PBXFileReference section */
		081FECE175FC88F1A3DCD3E3 /* Pods_ParstagramTests.framework */ = {isa = PBXFileReference; explicitFileType = wrapper.framework; includeInIndex = 0; path = Pods_ParstagramTests.framework; sourceTree = BUILT_PRODUCTS_DIR; };
		3CFD9E3F25D214860032FC7B /* Parstagram.app */ = {isa = PBXFileReference; explicitFileType = wrapper.application; includeInIndex = 0; path = Parstagram.app; sourceTree = BUILT_PRODUCTS_DIR; };
		3CFD9E4225D214870032FC7B /* AppDelegate.swift */ = {isa = PBXFileReference; lastKnownFileType = sourcecode.swift; path = AppDelegate.swift; sourceTree = "<group>"; };
		3CFD9E4425D214870032FC7B /* SceneDelegate.swift */ = {isa = PBXFileReference; lastKnownFileType = sourcecode.swift; path = SceneDelegate.swift; sourceTree = "<group>"; };
		3CFD9E4625D214870032FC7B /* ViewController.swift */ = {isa = PBXFileReference; lastKnownFileType = sourcecode.swift; path = ViewController.swift; sourceTree = "<group>"; };
		3CFD9E4925D214870032FC7B /* Base */ = {isa = PBXFileReference; lastKnownFileType = file.storyboard; name = Base; path = Base.lproj/Main.storyboard; sourceTree = "<group>"; };
		3CFD9E4B25D214880032FC7B /* Assets.xcassets */ = {isa = PBXFileReference; lastKnownFileType = folder.assetcatalog; path = Assets.xcassets; sourceTree = "<group>"; };
		3CFD9E4E25D214880032FC7B /* Base */ = {isa = PBXFileReference; lastKnownFileType = file.storyboard; name = Base; path = Base.lproj/LaunchScreen.storyboard; sourceTree = "<group>"; };
		3CFD9E5025D214880032FC7B /* Info.plist */ = {isa = PBXFileReference; lastKnownFileType = text.plist.xml; path = Info.plist; sourceTree = "<group>"; };
		3CFD9E5525D214880032FC7B /* ParstagramTests.xctest */ = {isa = PBXFileReference; explicitFileType = wrapper.cfbundle; includeInIndex = 0; path = ParstagramTests.xctest; sourceTree = BUILT_PRODUCTS_DIR; };
		3CFD9E5925D214880032FC7B /* ParstagramTests.swift */ = {isa = PBXFileReference; lastKnownFileType = sourcecode.swift; path = ParstagramTests.swift; sourceTree = "<group>"; };
		3CFD9E5B25D214880032FC7B /* Info.plist */ = {isa = PBXFileReference; lastKnownFileType = text.plist.xml; path = Info.plist; sourceTree = "<group>"; };
		3CFD9E6025D214880032FC7B /* ParstagramUITests.xctest */ = {isa = PBXFileReference; explicitFileType = wrapper.cfbundle; includeInIndex = 0; path = ParstagramUITests.xctest; sourceTree = BUILT_PRODUCTS_DIR; };
		3CFD9E6425D214880032FC7B /* ParstagramUITests.swift */ = {isa = PBXFileReference; lastKnownFileType = sourcecode.swift; path = ParstagramUITests.swift; sourceTree = "<group>"; };
		3CFD9E6625D214880032FC7B /* Info.plist */ = {isa = PBXFileReference; lastKnownFileType = text.plist.xml; path = Info.plist; sourceTree = "<group>"; };
		3CFD9E8125D219220032FC7B /* LoginViewController.swift */ = {isa = PBXFileReference; lastKnownFileType = sourcecode.swift; path = LoginViewController.swift; sourceTree = "<group>"; };
		3CFD9E8625D219360032FC7B /* FeedViewController.swift */ = {isa = PBXFileReference; lastKnownFileType = sourcecode.swift; path = FeedViewController.swift; sourceTree = "<group>"; };
		3CFD9EAC25D22D560032FC7B /* CameraViewController.swift */ = {isa = PBXFileReference; lastKnownFileType = sourcecode.swift; path = CameraViewController.swift; sourceTree = "<group>"; };
		3CFD9ED025D252750032FC7B /* PostCell.swift */ = {isa = PBXFileReference; lastKnownFileType = sourcecode.swift; path = PostCell.swift; sourceTree = "<group>"; };
		4E1E93DDF8F6FC027905904F /* Pods_Parstagram_ParstagramUITests.framework */ = {isa = PBXFileReference; explicitFileType = wrapper.framework; includeInIndex = 0; path = Pods_Parstagram_ParstagramUITests.framework; sourceTree = BUILT_PRODUCTS_DIR; };
		64C9EDBE585BCDC1FF719480 /* Pods-ParstagramTests.debug.xcconfig */ = {isa = PBXFileReference; includeInIndex = 1; lastKnownFileType = text.xcconfig; name = "Pods-ParstagramTests.debug.xcconfig"; path = "Target Support Files/Pods-ParstagramTests/Pods-ParstagramTests.debug.xcconfig"; sourceTree = "<group>"; };
		6EB975BCB14316B90F373AE5 /* Pods-Parstagram-ParstagramUITests.debug.xcconfig */ = {isa = PBXFileReference; includeInIndex = 1; lastKnownFileType = text.xcconfig; name = "Pods-Parstagram-ParstagramUITests.debug.xcconfig"; path = "Target Support Files/Pods-Parstagram-ParstagramUITests/Pods-Parstagram-ParstagramUITests.debug.xcconfig"; sourceTree = "<group>"; };
		944BAE0E7AEC96B5C3771C9B /* Pods-Parstagram-ParstagramUITests.release.xcconfig */ = {isa = PBXFileReference; includeInIndex = 1; lastKnownFileType = text.xcconfig; name = "Pods-Parstagram-ParstagramUITests.release.xcconfig"; path = "Target Support Files/Pods-Parstagram-ParstagramUITests/Pods-Parstagram-ParstagramUITests.release.xcconfig"; sourceTree = "<group>"; };
		A405A9AEF93979C0FD140FB2 /* Pods-Parstagram.debug.xcconfig */ = {isa = PBXFileReference; includeInIndex = 1; lastKnownFileType = text.xcconfig; name = "Pods-Parstagram.debug.xcconfig"; path = "Target Support Files/Pods-Parstagram/Pods-Parstagram.debug.xcconfig"; sourceTree = "<group>"; };
		C15239CEA407ADA46E1E3F3B /* Pods-ParstagramTests.release.xcconfig */ = {isa = PBXFileReference; includeInIndex = 1; lastKnownFileType = text.xcconfig; name = "Pods-ParstagramTests.release.xcconfig"; path = "Target Support Files/Pods-ParstagramTests/Pods-ParstagramTests.release.xcconfig"; sourceTree = "<group>"; };
		C44293240F9FCFF1D25F0936 /* Pods-Parstagram.release.xcconfig */ = {isa = PBXFileReference; includeInIndex = 1; lastKnownFileType = text.xcconfig; name = "Pods-Parstagram.release.xcconfig"; path = "Target Support Files/Pods-Parstagram/Pods-Parstagram.release.xcconfig"; sourceTree = "<group>"; };
		D826CAB6AB177C8F9D3FE376 /* Pods_Parstagram.framework */ = {isa = PBXFileReference; explicitFileType = wrapper.framework; includeInIndex = 0; path = Pods_Parstagram.framework; sourceTree = BUILT_PRODUCTS_DIR; };
/* End PBXFileReference section */

/* Begin PBXFrameworksBuildPhase section */
		3CFD9E3C25D214860032FC7B /* Frameworks */ = {
			isa = PBXFrameworksBuildPhase;
			buildActionMask = 2147483647;
			files = (
				95E6DD2D5EFC3DD7196E47A2 /* Pods_Parstagram.framework in Frameworks */,
			);
			runOnlyForDeploymentPostprocessing = 0;
		};
		3CFD9E5225D214880032FC7B /* Frameworks */ = {
			isa = PBXFrameworksBuildPhase;
			buildActionMask = 2147483647;
			files = (
				E4E6FD60CD4831F9522A35F5 /* Pods_ParstagramTests.framework in Frameworks */,
			);
			runOnlyForDeploymentPostprocessing = 0;
		};
		3CFD9E5D25D214880032FC7B /* Frameworks */ = {
			isa = PBXFrameworksBuildPhase;
			buildActionMask = 2147483647;
			files = (
				F951FCD145587F67DA86815F /* Pods_Parstagram_ParstagramUITests.framework in Frameworks */,
			);
			runOnlyForDeploymentPostprocessing = 0;
		};
/* End PBXFrameworksBuildPhase section */

/* Begin PBXGroup section */
		3CFD9E3625D214860032FC7B = {
			isa = PBXGroup;
			children = (
				3CFD9E4125D214860032FC7B /* Parstagram */,
				3CFD9E5825D214880032FC7B /* ParstagramTests */,
				3CFD9E6325D214880032FC7B /* ParstagramUITests */,
				3CFD9E4025D214860032FC7B /* Products */,
				8873635C08D0DE34708FD735 /* Pods */,
				8DBCFBCD99396FF357B7198C /* Frameworks */,
			);
			sourceTree = "<group>";
		};
		3CFD9E4025D214860032FC7B /* Products */ = {
			isa = PBXGroup;
			children = (
				3CFD9E3F25D214860032FC7B /* Parstagram.app */,
				3CFD9E5525D214880032FC7B /* ParstagramTests.xctest */,
				3CFD9E6025D214880032FC7B /* ParstagramUITests.xctest */,
			);
			name = Products;
			sourceTree = "<group>";
		};
		3CFD9E4125D214860032FC7B /* Parstagram */ = {
			isa = PBXGroup;
			children = (
				3CFD9E4225D214870032FC7B /* AppDelegate.swift */,
				3CFD9E4425D214870032FC7B /* SceneDelegate.swift */,
				3CFD9E4625D214870032FC7B /* ViewController.swift */,
				3CFD9E4825D214870032FC7B /* Main.storyboard */,
				3CFD9E4B25D214880032FC7B /* Assets.xcassets */,
				3CFD9E4D25D214880032FC7B /* LaunchScreen.storyboard */,
				3CFD9E5025D214880032FC7B /* Info.plist */,
				3CFD9E8125D219220032FC7B /* LoginViewController.swift */,
				3CFD9E8625D219360032FC7B /* FeedViewController.swift */,
				3CFD9EAC25D22D560032FC7B /* CameraViewController.swift */,
				3CFD9ED025D252750032FC7B /* PostCell.swift */,
			);
			path = Parstagram;
			sourceTree = "<group>";
		};
		3CFD9E5825D214880032FC7B /* ParstagramTests */ = {
			isa = PBXGroup;
			children = (
				3CFD9E5925D214880032FC7B /* ParstagramTests.swift */,
				3CFD9E5B25D214880032FC7B /* Info.plist */,
			);
			path = ParstagramTests;
			sourceTree = "<group>";
		};
		3CFD9E6325D214880032FC7B /* ParstagramUITests */ = {
			isa = PBXGroup;
			children = (
				3CFD9E6425D214880032FC7B /* ParstagramUITests.swift */,
				3CFD9E6625D214880032FC7B /* Info.plist */,
			);
			path = ParstagramUITests;
			sourceTree = "<group>";
		};
		8873635C08D0DE34708FD735 /* Pods */ = {
			isa = PBXGroup;
			children = (
				A405A9AEF93979C0FD140FB2 /* Pods-Parstagram.debug.xcconfig */,
				C44293240F9FCFF1D25F0936 /* Pods-Parstagram.release.xcconfig */,
				6EB975BCB14316B90F373AE5 /* Pods-Parstagram-ParstagramUITests.debug.xcconfig */,
				944BAE0E7AEC96B5C3771C9B /* Pods-Parstagram-ParstagramUITests.release.xcconfig */,
				64C9EDBE585BCDC1FF719480 /* Pods-ParstagramTests.debug.xcconfig */,
				C15239CEA407ADA46E1E3F3B /* Pods-ParstagramTests.release.xcconfig */,
			);
			path = Pods;
			sourceTree = "<group>";
		};
		8DBCFBCD99396FF357B7198C /* Frameworks */ = {
			isa = PBXGroup;
			children = (
				D826CAB6AB177C8F9D3FE376 /* Pods_Parstagram.framework */,
				4E1E93DDF8F6FC027905904F /* Pods_Parstagram_ParstagramUITests.framework */,
				081FECE175FC88F1A3DCD3E3 /* Pods_ParstagramTests.framework */,
			);
			name = Frameworks;
			sourceTree = "<group>";
		};
/* End PBXGroup section */

/* Begin PBXNativeTarget section */
		3CFD9E3E25D214860032FC7B /* Parstagram */ = {
			isa = PBXNativeTarget;
			buildConfigurationList = 3CFD9E6925D214880032FC7B /* Build configuration list for PBXNativeTarget "Parstagram" */;
			buildPhases = (
				E9E37DDFC885D9CDB2EC2E6C /* [CP] Check Pods Manifest.lock */,
				3CFD9E3B25D214860032FC7B /* Sources */,
				3CFD9E3C25D214860032FC7B /* Frameworks */,
				3CFD9E3D25D214860032FC7B /* Resources */,
				EAA2575BDBC1A76F71080C59 /* [CP] Embed Pods Frameworks */,
			);
			buildRules = (
			);
			dependencies = (
			);
			name = Parstagram;
			productName = Parstagram;
			productReference = 3CFD9E3F25D214860032FC7B /* Parstagram.app */;
			productType = "com.apple.product-type.application";
		};
		3CFD9E5425D214880032FC7B /* ParstagramTests */ = {
			isa = PBXNativeTarget;
			buildConfigurationList = 3CFD9E6C25D214880032FC7B /* Build configuration list for PBXNativeTarget "ParstagramTests" */;
			buildPhases = (
				11C54B8AB86EACFB91818DAD /* [CP] Check Pods Manifest.lock */,
				3CFD9E5125D214880032FC7B /* Sources */,
				3CFD9E5225D214880032FC7B /* Frameworks */,
				3CFD9E5325D214880032FC7B /* Resources */,
			);
			buildRules = (
			);
			dependencies = (
				3CFD9E5725D214880032FC7B /* PBXTargetDependency */,
			);
			name = ParstagramTests;
			productName = ParstagramTests;
			productReference = 3CFD9E5525D214880032FC7B /* ParstagramTests.xctest */;
			productType = "com.apple.product-type.bundle.unit-test";
		};
		3CFD9E5F25D214880032FC7B /* ParstagramUITests */ = {
			isa = PBXNativeTarget;
			buildConfigurationList = 3CFD9E6F25D214880032FC7B /* Build configuration list for PBXNativeTarget "ParstagramUITests" */;
			buildPhases = (
				E381C7C29BE8FA14388C6BC5 /* [CP] Check Pods Manifest.lock */,
				3CFD9E5C25D214880032FC7B /* Sources */,
				3CFD9E5D25D214880032FC7B /* Frameworks */,
				3CFD9E5E25D214880032FC7B /* Resources */,
				CDB84388319F2D8E18B526CC /* [CP] Embed Pods Frameworks */,
			);
			buildRules = (
			);
			dependencies = (
				3CFD9E6225D214880032FC7B /* PBXTargetDependency */,
			);
			name = ParstagramUITests;
			productName = ParstagramUITests;
			productReference = 3CFD9E6025D214880032FC7B /* ParstagramUITests.xctest */;
			productType = "com.apple.product-type.bundle.ui-testing";
		};
/* End PBXNativeTarget section */

/* Begin PBXProject section */
		3CFD9E3725D214860032FC7B /* Project object */ = {
			isa = PBXProject;
			attributes = {
				LastSwiftUpdateCheck = 1240;
				LastUpgradeCheck = 1240;
				TargetAttributes = {
					3CFD9E3E25D214860032FC7B = {
						CreatedOnToolsVersion = 12.4;
					};
					3CFD9E5425D214880032FC7B = {
						CreatedOnToolsVersion = 12.4;
						TestTargetID = 3CFD9E3E25D214860032FC7B;
					};
					3CFD9E5F25D214880032FC7B = {
						CreatedOnToolsVersion = 12.4;
						TestTargetID = 3CFD9E3E25D214860032FC7B;
					};
				};
			};
			buildConfigurationList = 3CFD9E3A25D214860032FC7B /* Build configuration list for PBXProject "Parstagram" */;
			compatibilityVersion = "Xcode 9.3";
			developmentRegion = en;
			hasScannedForEncodings = 0;
			knownRegions = (
				en,
				Base,
			);
			mainGroup = 3CFD9E3625D214860032FC7B;
			productRefGroup = 3CFD9E4025D214860032FC7B /* Products */;
			projectDirPath = "";
			projectRoot = "";
			targets = (
				3CFD9E3E25D214860032FC7B /* Parstagram */,
				3CFD9E5425D214880032FC7B /* ParstagramTests */,
				3CFD9E5F25D214880032FC7B /* ParstagramUITests */,
			);
		};
/* End PBXProject section */

/* Begin PBXResourcesBuildPhase section */
		3CFD9E3D25D214860032FC7B /* Resources */ = {
			isa = PBXResourcesBuildPhase;
			buildActionMask = 2147483647;
			files = (
				3CFD9E4F25D214880032FC7B /* LaunchScreen.storyboard in Resources */,
				3CFD9E4C25D214880032FC7B /* Assets.xcassets in Resources */,
				3CFD9E4A25D214870032FC7B /* Main.storyboard in Resources */,
			);
			runOnlyForDeploymentPostprocessing = 0;
		};
		3CFD9E5325D214880032FC7B /* Resources */ = {
			isa = PBXResourcesBuildPhase;
			buildActionMask = 2147483647;
			files = (
			);
			runOnlyForDeploymentPostprocessing = 0;
		};
		3CFD9E5E25D214880032FC7B /* Resources */ = {
			isa = PBXResourcesBuildPhase;
			buildActionMask = 2147483647;
			files = (
			);
			runOnlyForDeploymentPostprocessing = 0;
		};
/* End PBXResourcesBuildPhase section */

/* Begin PBXShellScriptBuildPhase section */
		11C54B8AB86EACFB91818DAD /* [CP] Check Pods Manifest.lock */ = {
			isa = PBXShellScriptBuildPhase;
			buildActionMask = 2147483647;
			files = (
			);
			inputFileListPaths = (
			);
			inputPaths = (
				"${PODS_PODFILE_DIR_PATH}/Podfile.lock",
				"${PODS_ROOT}/Manifest.lock",
			);
			name = "[CP] Check Pods Manifest.lock";
			outputFileListPaths = (
			);
			outputPaths = (
				"$(DERIVED_FILE_DIR)/Pods-ParstagramTests-checkManifestLockResult.txt",
			);
			runOnlyForDeploymentPostprocessing = 0;
			shellPath = /bin/sh;
			shellScript = "diff \"${PODS_PODFILE_DIR_PATH}/Podfile.lock\" \"${PODS_ROOT}/Manifest.lock\" > /dev/null\nif [ $? != 0 ] ; then\n    # print error to STDERR\n    echo \"error: The sandbox is not in sync with the Podfile.lock. Run 'pod install' or update your CocoaPods installation.\" >&2\n    exit 1\nfi\n# This output is used by Xcode 'outputs' to avoid re-running this script phase.\necho \"SUCCESS\" > \"${SCRIPT_OUTPUT_FILE_0}\"\n";
			showEnvVarsInLog = 0;
		};
		CDB84388319F2D8E18B526CC /* [CP] Embed Pods Frameworks */ = {
			isa = PBXShellScriptBuildPhase;
			buildActionMask = 2147483647;
			files = (
			);
			inputFileListPaths = (
				"${PODS_ROOT}/Target Support Files/Pods-Parstagram-ParstagramUITests/Pods-Parstagram-ParstagramUITests-frameworks-${CONFIGURATION}-input-files.xcfilelist",
			);
			name = "[CP] Embed Pods Frameworks";
			outputFileListPaths = (
				"${PODS_ROOT}/Target Support Files/Pods-Parstagram-ParstagramUITests/Pods-Parstagram-ParstagramUITests-frameworks-${CONFIGURATION}-output-files.xcfilelist",
			);
			runOnlyForDeploymentPostprocessing = 0;
			shellPath = /bin/sh;
			shellScript = "\"${PODS_ROOT}/Target Support Files/Pods-Parstagram-ParstagramUITests/Pods-Parstagram-ParstagramUITests-frameworks.sh\"\n";
			showEnvVarsInLog = 0;
		};
		E381C7C29BE8FA14388C6BC5 /* [CP] Check Pods Manifest.lock */ = {
			isa = PBXShellScriptBuildPhase;
			buildActionMask = 2147483647;
			files = (
			);
			inputFileListPaths = (
			);
			inputPaths = (
				"${PODS_PODFILE_DIR_PATH}/Podfile.lock",
				"${PODS_ROOT}/Manifest.lock",
			);
			name = "[CP] Check Pods Manifest.lock";
			outputFileListPaths = (
			);
			outputPaths = (
				"$(DERIVED_FILE_DIR)/Pods-Parstagram-ParstagramUITests-checkManifestLockResult.txt",
			);
			runOnlyForDeploymentPostprocessing = 0;
			shellPath = /bin/sh;
			shellScript = "diff \"${PODS_PODFILE_DIR_PATH}/Podfile.lock\" \"${PODS_ROOT}/Manifest.lock\" > /dev/null\nif [ $? != 0 ] ; then\n    # print error to STDERR\n    echo \"error: The sandbox is not in sync with the Podfile.lock. Run 'pod install' or update your CocoaPods installation.\" >&2\n    exit 1\nfi\n# This output is used by Xcode 'outputs' to avoid re-running this script phase.\necho \"SUCCESS\" > \"${SCRIPT_OUTPUT_FILE_0}\"\n";
			showEnvVarsInLog = 0;
		};
		E9E37DDFC885D9CDB2EC2E6C /* [CP] Check Pods Manifest.lock */ = {
			isa = PBXShellScriptBuildPhase;
			buildActionMask = 2147483647;
			files = (
			);
			inputFileListPaths = (
			);
			inputPaths = (
				"${PODS_PODFILE_DIR_PATH}/Podfile.lock",
				"${PODS_ROOT}/Manifest.lock",
			);
			name = "[CP] Check Pods Manifest.lock";
			outputFileListPaths = (
			);
			outputPaths = (
				"$(DERIVED_FILE_DIR)/Pods-Parstagram-checkManifestLockResult.txt",
			);
			runOnlyForDeploymentPostprocessing = 0;
			shellPath = /bin/sh;
			shellScript = "diff \"${PODS_PODFILE_DIR_PATH}/Podfile.lock\" \"${PODS_ROOT}/Manifest.lock\" > /dev/null\nif [ $? != 0 ] ; then\n    # print error to STDERR\n    echo \"error: The sandbox is not in sync with the Podfile.lock. Run 'pod install' or update your CocoaPods installation.\" >&2\n    exit 1\nfi\n# This output is used by Xcode 'outputs' to avoid re-running this script phase.\necho \"SUCCESS\" > \"${SCRIPT_OUTPUT_FILE_0}\"\n";
			showEnvVarsInLog = 0;
		};
		EAA2575BDBC1A76F71080C59 /* [CP] Embed Pods Frameworks */ = {
			isa = PBXShellScriptBuildPhase;
			buildActionMask = 2147483647;
			files = (
			);
			inputFileListPaths = (
				"${PODS_ROOT}/Target Support Files/Pods-Parstagram/Pods-Parstagram-frameworks-${CONFIGURATION}-input-files.xcfilelist",
			);
			name = "[CP] Embed Pods Frameworks";
			outputFileListPaths = (
				"${PODS_ROOT}/Target Support Files/Pods-Parstagram/Pods-Parstagram-frameworks-${CONFIGURATION}-output-files.xcfilelist",
			);
			runOnlyForDeploymentPostprocessing = 0;
			shellPath = /bin/sh;
			shellScript = "\"${PODS_ROOT}/Target Support Files/Pods-Parstagram/Pods-Parstagram-frameworks.sh\"\n";
			showEnvVarsInLog = 0;
		};
/* End PBXShellScriptBuildPhase section */

/* Begin PBXSourcesBuildPhase section */
		3CFD9E3B25D214860032FC7B /* Sources */ = {
			isa = PBXSourcesBuildPhase;
			buildActionMask = 2147483647;
			files = (
				3CFD9ED125D252750032FC7B /* PostCell.swift in Sources */,
				3CFD9E8225D219220032FC7B /* LoginViewController.swift in Sources */,
				3CFD9E4725D214870032FC7B /* ViewController.swift in Sources */,
				3CFD9E8725D219360032FC7B /* FeedViewController.swift in Sources */,
				3CFD9E4325D214870032FC7B /* AppDelegate.swift in Sources */,
				3CFD9E4525D214870032FC7B /* SceneDelegate.swift in Sources */,
				3CFD9EAD25D22D560032FC7B /* CameraViewController.swift in Sources */,
			);
			runOnlyForDeploymentPostprocessing = 0;
		};
		3CFD9E5125D214880032FC7B /* Sources */ = {
			isa = PBXSourcesBuildPhase;
			buildActionMask = 2147483647;
			files = (
				3CFD9E5A25D214880032FC7B /* ParstagramTests.swift in Sources */,
			);
			runOnlyForDeploymentPostprocessing = 0;
		};
		3CFD9E5C25D214880032FC7B /* Sources */ = {
			isa = PBXSourcesBuildPhase;
			buildActionMask = 2147483647;
			files = (
				3CFD9E6525D214880032FC7B /* ParstagramUITests.swift in Sources */,
			);
			runOnlyForDeploymentPostprocessing = 0;
		};
/* End PBXSourcesBuildPhase section */

/* Begin PBXTargetDependency section */
		3CFD9E5725D214880032FC7B /* PBXTargetDependency */ = {
			isa = PBXTargetDependency;
			target = 3CFD9E3E25D214860032FC7B /* Parstagram */;
			targetProxy = 3CFD9E5625D214880032FC7B /* PBXContainerItemProxy */;
		};
		3CFD9E6225D214880032FC7B /* PBXTargetDependency */ = {
			isa = PBXTargetDependency;
			target = 3CFD9E3E25D214860032FC7B /* Parstagram */;
			targetProxy = 3CFD9E6125D214880032FC7B /* PBXContainerItemProxy */;
		};
/* End PBXTargetDependency section */

/* Begin PBXVariantGroup section */
		3CFD9E4825D214870032FC7B /* Main.storyboard */ = {
			isa = PBXVariantGroup;
			children = (
				3CFD9E4925D214870032FC7B /* Base */,
			);
			name = Main.storyboard;
			sourceTree = "<group>";
		};
		3CFD9E4D25D214880032FC7B /* LaunchScreen.storyboard */ = {
			isa = PBXVariantGroup;
			children = (
				3CFD9E4E25D214880032FC7B /* Base */,
			);
			name = LaunchScreen.storyboard;
			sourceTree = "<group>";
		};
/* End PBXVariantGroup section */

/* Begin XCBuildConfiguration section */
		3CFD9E6725D214880032FC7B /* Debug */ = {
			isa = XCBuildConfiguration;
			buildSettings = {
				ALWAYS_SEARCH_USER_PATHS = NO;
				CLANG_ANALYZER_NONNULL = YES;
				CLANG_ANALYZER_NUMBER_OBJECT_CONVERSION = YES_AGGRESSIVE;
				CLANG_CXX_LANGUAGE_STANDARD = "gnu++14";
				CLANG_CXX_LIBRARY = "libc++";
				CLANG_ENABLE_MODULES = YES;
				CLANG_ENABLE_OBJC_ARC = YES;
				CLANG_ENABLE_OBJC_WEAK = YES;
				CLANG_WARN_BLOCK_CAPTURE_AUTORELEASING = YES;
				CLANG_WARN_BOOL_CONVERSION = YES;
				CLANG_WARN_COMMA = YES;
				CLANG_WARN_CONSTANT_CONVERSION = YES;
				CLANG_WARN_DEPRECATED_OBJC_IMPLEMENTATIONS = YES;
				CLANG_WARN_DIRECT_OBJC_ISA_USAGE = YES_ERROR;
				CLANG_WARN_DOCUMENTATION_COMMENTS = YES;
				CLANG_WARN_EMPTY_BODY = YES;
				CLANG_WARN_ENUM_CONVERSION = YES;
				CLANG_WARN_INFINITE_RECURSION = YES;
				CLANG_WARN_INT_CONVERSION = YES;
				CLANG_WARN_NON_LITERAL_NULL_CONVERSION = YES;
				CLANG_WARN_OBJC_IMPLICIT_RETAIN_SELF = YES;
				CLANG_WARN_OBJC_LITERAL_CONVERSION = YES;
				CLANG_WARN_OBJC_ROOT_CLASS = YES_ERROR;
				CLANG_WARN_QUOTED_INCLUDE_IN_FRAMEWORK_HEADER = YES;
				CLANG_WARN_RANGE_LOOP_ANALYSIS = YES;
				CLANG_WARN_STRICT_PROTOTYPES = YES;
				CLANG_WARN_SUSPICIOUS_MOVE = YES;
				CLANG_WARN_UNGUARDED_AVAILABILITY = YES_AGGRESSIVE;
				CLANG_WARN_UNREACHABLE_CODE = YES;
				CLANG_WARN__DUPLICATE_METHOD_MATCH = YES;
				COPY_PHASE_STRIP = NO;
				DEBUG_INFORMATION_FORMAT = dwarf;
				ENABLE_STRICT_OBJC_MSGSEND = YES;
				ENABLE_TESTABILITY = YES;
				GCC_C_LANGUAGE_STANDARD = gnu11;
				GCC_DYNAMIC_NO_PIC = NO;
				GCC_NO_COMMON_BLOCKS = YES;
				GCC_OPTIMIZATION_LEVEL = 0;
				GCC_PREPROCESSOR_DEFINITIONS = (
					"DEBUG=1",
					"$(inherited)",
				);
				GCC_WARN_64_TO_32_BIT_CONVERSION = YES;
				GCC_WARN_ABOUT_RETURN_TYPE = YES_ERROR;
				GCC_WARN_UNDECLARED_SELECTOR = YES;
				GCC_WARN_UNINITIALIZED_AUTOS = YES_AGGRESSIVE;
				GCC_WARN_UNUSED_FUNCTION = YES;
				GCC_WARN_UNUSED_VARIABLE = YES;
				IPHONEOS_DEPLOYMENT_TARGET = 14.4;
				MTL_ENABLE_DEBUG_INFO = INCLUDE_SOURCE;
				MTL_FAST_MATH = YES;
				ONLY_ACTIVE_ARCH = YES;
				SDKROOT = iphoneos;
				SWIFT_ACTIVE_COMPILATION_CONDITIONS = DEBUG;
				SWIFT_OPTIMIZATION_LEVEL = "-Onone";
			};
			name = Debug;
		};
		3CFD9E6825D214880032FC7B /* Release */ = {
			isa = XCBuildConfiguration;
			buildSettings = {
				ALWAYS_SEARCH_USER_PATHS = NO;
				CLANG_ANALYZER_NONNULL = YES;
				CLANG_ANALYZER_NUMBER_OBJECT_CONVERSION = YES_AGGRESSIVE;
				CLANG_CXX_LANGUAGE_STANDARD = "gnu++14";
				CLANG_CXX_LIBRARY = "libc++";
				CLANG_ENABLE_MODULES = YES;
				CLANG_ENABLE_OBJC_ARC = YES;
				CLANG_ENABLE_OBJC_WEAK = YES;
				CLANG_WARN_BLOCK_CAPTURE_AUTORELEASING = YES;
				CLANG_WARN_BOOL_CONVERSION = YES;
				CLANG_WARN_COMMA = YES;
				CLANG_WARN_CONSTANT_CONVERSION = YES;
				CLANG_WARN_DEPRECATED_OBJC_IMPLEMENTATIONS = YES;
				CLANG_WARN_DIRECT_OBJC_ISA_USAGE = YES_ERROR;
				CLANG_WARN_DOCUMENTATION_COMMENTS = YES;
				CLANG_WARN_EMPTY_BODY = YES;
				CLANG_WARN_ENUM_CONVERSION = YES;
				CLANG_WARN_INFINITE_RECURSION = YES;
				CLANG_WARN_INT_CONVERSION = YES;
				CLANG_WARN_NON_LITERAL_NULL_CONVERSION = YES;
				CLANG_WARN_OBJC_IMPLICIT_RETAIN_SELF = YES;
				CLANG_WARN_OBJC_LITERAL_CONVERSION = YES;
				CLANG_WARN_OBJC_ROOT_CLASS = YES_ERROR;
				CLANG_WARN_QUOTED_INCLUDE_IN_FRAMEWORK_HEADER = YES;
				CLANG_WARN_RANGE_LOOP_ANALYSIS = YES;
				CLANG_WARN_STRICT_PROTOTYPES = YES;
				CLANG_WARN_SUSPICIOUS_MOVE = YES;
				CLANG_WARN_UNGUARDED_AVAILABILITY = YES_AGGRESSIVE;
				CLANG_WARN_UNREACHABLE_CODE = YES;
				CLANG_WARN__DUPLICATE_METHOD_MATCH = YES;
				COPY_PHASE_STRIP = NO;
				DEBUG_INFORMATION_FORMAT = "dwarf-with-dsym";
				ENABLE_NS_ASSERTIONS = NO;
				ENABLE_STRICT_OBJC_MSGSEND = YES;
				GCC_C_LANGUAGE_STANDARD = gnu11;
				GCC_NO_COMMON_BLOCKS = YES;
				GCC_WARN_64_TO_32_BIT_CONVERSION = YES;
				GCC_WARN_ABOUT_RETURN_TYPE = YES_ERROR;
				GCC_WARN_UNDECLARED_SELECTOR = YES;
				GCC_WARN_UNINITIALIZED_AUTOS = YES_AGGRESSIVE;
				GCC_WARN_UNUSED_FUNCTION = YES;
				GCC_WARN_UNUSED_VARIABLE = YES;
				IPHONEOS_DEPLOYMENT_TARGET = 14.4;
				MTL_ENABLE_DEBUG_INFO = NO;
				MTL_FAST_MATH = YES;
				SDKROOT = iphoneos;
				SWIFT_COMPILATION_MODE = wholemodule;
				SWIFT_OPTIMIZATION_LEVEL = "-O";
				VALIDATE_PRODUCT = YES;
			};
			name = Release;
		};
		3CFD9E6A25D214880032FC7B /* Debug */ = {
			isa = XCBuildConfiguration;
			baseConfigurationReference = A405A9AEF93979C0FD140FB2 /* Pods-Parstagram.debug.xcconfig */;
			buildSettings = {
				ASSETCATALOG_COMPILER_APPICON_NAME = AppIcon;
				ASSETCATALOG_COMPILER_GLOBAL_ACCENT_COLOR_NAME = AccentColor;
				CODE_SIGN_STYLE = Automatic;
				INFOPLIST_FILE = Parstagram/Info.plist;
				LD_RUNPATH_SEARCH_PATHS = (
					"$(inherited)",
					"@executable_path/Frameworks",
				);
				PRODUCT_BUNDLE_IDENTIFIER = "Ben-Huynh.Parstagram";
				PRODUCT_NAME = "$(TARGET_NAME)";
				SWIFT_VERSION = 5.0;
				TARGETED_DEVICE_FAMILY = "1,2";
			};
			name = Debug;
		};
		3CFD9E6B25D214880032FC7B /* Release */ = {
			isa = XCBuildConfiguration;
			baseConfigurationReference = C44293240F9FCFF1D25F0936 /* Pods-Parstagram.release.xcconfig */;
			buildSettings = {
				ASSETCATALOG_COMPILER_APPICON_NAME = AppIcon;
				ASSETCATALOG_COMPILER_GLOBAL_ACCENT_COLOR_NAME = AccentColor;
				CODE_SIGN_STYLE = Automatic;
				INFOPLIST_FILE = Parstagram/Info.plist;
				LD_RUNPATH_SEARCH_PATHS = (
					"$(inherited)",
					"@executable_path/Frameworks",
				);
				PRODUCT_BUNDLE_IDENTIFIER = "Ben-Huynh.Parstagram";
				PRODUCT_NAME = "$(TARGET_NAME)";
				SWIFT_VERSION = 5.0;
				TARGETED_DEVICE_FAMILY = "1,2";
			};
			name = Release;
		};
		3CFD9E6D25D214880032FC7B /* Debug */ = {
			isa = XCBuildConfiguration;
			baseConfigurationReference = 64C9EDBE585BCDC1FF719480 /* Pods-ParstagramTests.debug.xcconfig */;
			buildSettings = {
				ALWAYS_EMBED_SWIFT_STANDARD_LIBRARIES = YES;
				BUNDLE_LOADER = "$(TEST_HOST)";
				CODE_SIGN_STYLE = Automatic;
				INFOPLIST_FILE = ParstagramTests/Info.plist;
				IPHONEOS_DEPLOYMENT_TARGET = 14.4;
				LD_RUNPATH_SEARCH_PATHS = (
					"$(inherited)",
					"@executable_path/Frameworks",
					"@loader_path/Frameworks",
				);
				PRODUCT_BUNDLE_IDENTIFIER = "Ben-Huynh.ParstagramTests";
				PRODUCT_NAME = "$(TARGET_NAME)";
				SWIFT_VERSION = 5.0;
				TARGETED_DEVICE_FAMILY = "1,2";
				TEST_HOST = "$(BUILT_PRODUCTS_DIR)/Parstagram.app/Parstagram";
			};
			name = Debug;
		};
		3CFD9E6E25D214880032FC7B /* Release */ = {
			isa = XCBuildConfiguration;
			baseConfigurationReference = C15239CEA407ADA46E1E3F3B /* Pods-ParstagramTests.release.xcconfig */;
			buildSettings = {
				ALWAYS_EMBED_SWIFT_STANDARD_LIBRARIES = YES;
				BUNDLE_LOADER = "$(TEST_HOST)";
				CODE_SIGN_STYLE = Automatic;
				INFOPLIST_FILE = ParstagramTests/Info.plist;
				IPHONEOS_DEPLOYMENT_TARGET = 14.4;
				LD_RUNPATH_SEARCH_PATHS = (
					"$(inherited)",
					"@executable_path/Frameworks",
					"@loader_path/Frameworks",
				);
				PRODUCT_BUNDLE_IDENTIFIER = "Ben-Huynh.ParstagramTests";
				PRODUCT_NAME = "$(TARGET_NAME)";
				SWIFT_VERSION = 5.0;
				TARGETED_DEVICE_FAMILY = "1,2";
				TEST_HOST = "$(BUILT_PRODUCTS_DIR)/Parstagram.app/Parstagram";
			};
			name = Release;
		};
		3CFD9E7025D214880032FC7B /* Debug */ = {
			isa = XCBuildConfiguration;
			baseConfigurationReference = 6EB975BCB14316B90F373AE5 /* Pods-Parstagram-ParstagramUITests.debug.xcconfig */;
			buildSettings = {
				ALWAYS_EMBED_SWIFT_STANDARD_LIBRARIES = YES;
				CODE_SIGN_STYLE = Automatic;
				INFOPLIST_FILE = ParstagramUITests/Info.plist;
				LD_RUNPATH_SEARCH_PATHS = (
					"$(inherited)",
					"@executable_path/Frameworks",
					"@loader_path/Frameworks",
				);
				PRODUCT_BUNDLE_IDENTIFIER = "Ben-Huynh.ParstagramUITests";
				PRODUCT_NAME = "$(TARGET_NAME)";
				SWIFT_VERSION = 5.0;
				TARGETED_DEVICE_FAMILY = "1,2";
				TEST_TARGET_NAME = Parstagram;
			};
			name = Debug;
		};
		3CFD9E7125D214880032FC7B /* Release */ = {
			isa = XCBuildConfiguration;
			baseConfigurationReference = 944BAE0E7AEC96B5C3771C9B /* Pods-Parstagram-ParstagramUITests.release.xcconfig */;
			buildSettings = {
				ALWAYS_EMBED_SWIFT_STANDARD_LIBRARIES = YES;
				CODE_SIGN_STYLE = Automatic;
				INFOPLIST_FILE = ParstagramUITests/Info.plist;
				LD_RUNPATH_SEARCH_PATHS = (
					"$(inherited)",
					"@executable_path/Frameworks",
					"@loader_path/Frameworks",
				);
				PRODUCT_BUNDLE_IDENTIFIER = "Ben-Huynh.ParstagramUITests";
				PRODUCT_NAME = "$(TARGET_NAME)";
				SWIFT_VERSION = 5.0;
				TARGETED_DEVICE_FAMILY = "1,2";
				TEST_TARGET_NAME = Parstagram;
			};
			name = Release;
		};
/* End XCBuildConfiguration section */

/* Begin XCConfigurationList section */
		3CFD9E3A25D214860032FC7B /* Build configuration list for PBXProject "Parstagram" */ = {
			isa = XCConfigurationList;
			buildConfigurations = (
				3CFD9E6725D214880032FC7B /* Debug */,
				3CFD9E6825D214880032FC7B /* Release */,
			);
			defaultConfigurationIsVisible = 0;
			defaultConfigurationName = Release;
		};
		3CFD9E6925D214880032FC7B /* Build configuration list for PBXNativeTarget "Parstagram" */ = {
			isa = XCConfigurationList;
			buildConfigurations = (
				3CFD9E6A25D214880032FC7B /* Debug */,
				3CFD9E6B25D214880032FC7B /* Release */,
			);
			defaultConfigurationIsVisible = 0;
			defaultConfigurationName = Release;
		};
		3CFD9E6C25D214880032FC7B /* Build configuration list for PBXNativeTarget "ParstagramTests" */ = {
			isa = XCConfigurationList;
			buildConfigurations = (
				3CFD9E6D25D214880032FC7B /* Debug */,
				3CFD9E6E25D214880032FC7B /* Release */,
			);
			defaultConfigurationIsVisible = 0;
			defaultConfigurationName = Release;
		};
		3CFD9E6F25D214880032FC7B /* Build configuration list for PBXNativeTarget "ParstagramUITests" */ = {
			isa = XCConfigurationList;
			buildConfigurations = (
				3CFD9E7025D214880032FC7B /* Debug */,
				3CFD9E7125D214880032FC7B /* Release */,
			);
			defaultConfigurationIsVisible = 0;
			defaultConfigurationName = Release;
		};
/* End XCConfigurationList section */
	};
	rootObject = 3CFD9E3725D214860032FC7B /* Project object */;
}
